
Microsoft Visual Studio Solution File, Format Version 12.00
# Visual Studio Version 16
VisualStudioVersion = 16.0.30717.126
MinimumVisualStudioVersion = 10.0.40219.1
Project("{9A19103F-16F7-4668-BE54-9A1E7A4F7556}") = "SecretSantaService.Domain", "SecretSantaService.Domain\SecretSantaService.Domain.csproj", "{5E905FC9-49CC-4154-9F69-E1EEF006A8F1}"
EndProject
Project("{9A19103F-16F7-4668-BE54-9A1E7A4F7556}") = "SecretSantaService.Infrastructure", "SecretSantaService.Infrastructure\SecretSantaService.Infrastructure.csproj", "{3A7E60C2-2448-4F0E-9646-A5889C7AE685}"
EndProject
Project("{9A19103F-16F7-4668-BE54-9A1E7A4F7556}") = "SecretSantaService.Application", "SecretSantaService.Application\SecretSantaService.Application.csproj", "{44144FD3-6D9A-43E9-B4FA-CEE4F30E85B7}"
EndProject
Project("{9A19103F-16F7-4668-BE54-9A1E7A4F7556}") = "SecretSantaService.Web", "SecretSantaService.Web\SecretSantaService.Web.csproj", "{0A8FDCB8-C58E-4318-AEB3-D2C5F2B6CCF6}"
EndProject
Project("{E53339B2-1760-4266-BCC7-CA923CBCF16C}") = "docker-compose", "docker-compose.dcproj", "{4FB63EF1-0856-4360-8A32-20DEA42842C3}"
EndProject
Global
	GlobalSection(SolutionConfigurationPlatforms) = preSolution
		Debug|Any CPU = Debug|Any CPU
		Release|Any CPU = Release|Any CPU
	EndGlobalSection
	GlobalSection(ProjectConfigurationPlatforms) = postSolution
		{5E905FC9-49CC-4154-9F69-E1EEF006A8F1}.Debug|Any CPU.ActiveCfg = Debug|Any CPU
		{5E905FC9-49CC-4154-9F69-E1EEF006A8F1}.Debug|Any CPU.Build.0 = Debug|Any CPU
		{5E905FC9-49CC-4154-9F69-E1EEF006A8F1}.Release|Any CPU.ActiveCfg = Release|Any CPU
		{5E905FC9-49CC-4154-9F69-E1EEF006A8F1}.Release|Any CPU.Build.0 = Release|Any CPU
		{3A7E60C2-2448-4F0E-9646-A5889C7AE685}.Debug|Any CPU.ActiveCfg = Debug|Any CPU
		{3A7E60C2-2448-4F0E-9646-A5889C7AE685}.Debug|Any CPU.Build.0 = Debug|Any CPU
		{3A7E60C2-2448-4F0E-9646-A5889C7AE685}.Release|Any CPU.ActiveCfg = Release|Any CPU
		{3A7E60C2-2448-4F0E-9646-A5889C7AE685}.Release|Any CPU.Build.0 = Release|Any CPU
		{44144FD3-6D9A-43E9-B4FA-CEE4F30E85B7}.Debug|Any CPU.ActiveCfg = Debug|Any CPU
		{44144FD3-6D9A-43E9-B4FA-CEE4F30E85B7}.Debug|Any CPU.Build.0 = Debug|Any CPU
		{44144FD3-6D9A-43E9-B4FA-CEE4F30E85B7}.Release|Any CPU.ActiveCfg = Release|Any CPU
		{44144FD3-6D9A-43E9-B4FA-CEE4F30E85B7}.Release|Any CPU.Build.0 = Release|Any CPU
		{0A8FDCB8-C58E-4318-AEB3-D2C5F2B6CCF6}.Debug|Any CPU.ActiveCfg = Debug|Any CPU
		{0A8FDCB8-C58E-4318-AEB3-D2C5F2B6CCF6}.Debug|Any CPU.Build.0 = Debug|Any CPU
		{0A8FDCB8-C58E-4318-AEB3-D2C5F2B6CCF6}.Release|Any CPU.ActiveCfg = Release|Any CPU
		{0A8FDCB8-C58E-4318-AEB3-D2C5F2B6CCF6}.Release|Any CPU.Build.0 = Release|Any CPU
		{4FB63EF1-0856-4360-8A32-20DEA42842C3}.Debug|Any CPU.ActiveCfg = Debug|Any CPU
		{4FB63EF1-0856-4360-8A32-20DEA42842C3}.Debug|Any CPU.Build.0 = Debug|Any CPU
		{4FB63EF1-0856-4360-8A32-20DEA42842C3}.Release|Any CPU.ActiveCfg = Release|Any CPU
		{4FB63EF1-0856-4360-8A32-20DEA42842C3}.Release|Any CPU.Build.0 = Release|Any CPU
	EndGlobalSection
	GlobalSection(SolutionProperties) = preSolution
		HideSolutionNode = FALSE
	EndGlobalSection
	GlobalSection(ExtensibilityGlobals) = postSolution
		SolutionGuid = {12D45E19-E019-4F8F-91A2-70AD48E107B5}
	EndGlobalSection
EndGlobal
